{
  "name": "100xDEVS",
  "lockfileVersion": 3,
  "requires": true,
  "packages": {
    "": {
      "dependencies": {
        "hono": "^4.8.2"
      }
    },
    "node_modules/hono": {
      "version": "4.8.2",
      "resolved": "https://registry.npmjs.org/hono/-/hono-4.8.2.tgz",
      "integrity": "sha512-hM+1RIn9PK1I6SiTNS6/y7O1mvg88awYLFEuEtoiMtRyT3SD2iu9pSFgbBXT3b1Ua4IwzvSTLvwO0SEhDxCi4w==",
      "license": "MIT",
      "engines": {
        "node": ">=16.9.0"
      }
    }
  }
}
