{
  "name": "common",
  "version": "1.0.0",
  "lockfileVersion": 3,
  "requires": true,
  "packages": {
    "": {
      "name": "common",
      "version": "1.0.0",
      "license": "ISC",
      "dependencies": {
        "zod": "^4.0.17"
      }
    },
    "node_modules/zod": {
      "version": "4.0.17",
      "resolved": "https://registry.npmjs.org/zod/-/zod-4.0.17.tgz",
      "integrity": "sha512-1PHjlYRevNxxdy2JZ8JcNAw7rX8V9P1AKkP+x/xZfxB0K5FYfuV+Ug6P/6NVSR2jHQ+FzDDoDHS04nYUsOIyLQ==",
      "license": "MIT",
      "funding": {
        "url": "https://github.com/sponsors/colinhacks"
      }
    }
  }
}
